{
    "_meta": {
        "hash": {
            "sha256": "8e13023da8ec2c1c7d24fa6987596cc0fc18240a704f04f5bc9f3ae7c2d47c25"
        },
        "pipfile-spec": 6,
        "requires": {
            "python_version": "3.9"
        },
        "sources": [
            {
                "name": "pypi",
                "url": "https://pypi.org/simple",
                "verify_ssl": true
            }
        ]
    },
    "default": {},
    "develop": {
        "appnope": {
            "hashes": [
                "sha256:02bd91c4de869fbb1e1c50aafc4098827a7a54ab2f39d9dcba6c9547ed920e24",
                "sha256:265a455292d0bd8a72453494fa24df5a11eb18373a60c7c0430889f22548605e"
            ],
            "markers": "platform_system == 'Darwin'",
            "version": "==0.1.3"
        },
        "asttokens": {
            "hashes": [
                "sha256:4622110b2a6f30b77e1473affaa97e711bc2f07d3f10848420ff1898edbe94f3",
                "sha256:6b0ac9e93fb0335014d382b8fa9b3afa7df546984258005da0b9e7095b3deb1c"
            ],
            "version": "==2.2.1"
        },
        "backcall": {
            "hashes": [
                "sha256:5cbdbf27be5e7cfadb448baf0aa95508f91f2bbc6c6437cd9cd06e2a4c215e1e",
                "sha256:fbbce6a29f263178a1f7915c1940bde0ec2b2a967566fe1c65c1dfb7422bd255"
            ],
            "version": "==0.2.0"
        },
        "comm": {
            "hashes": [
                "sha256:16613c6211e20223f215fc6d3b266a247b6e2641bf4e0a3ad34cb1aff2aa3f37",
                "sha256:a61efa9daffcfbe66fd643ba966f846a624e4e6d6767eda9cf6e993aadaab93e"
            ],
            "markers": "python_version >= '3.6'",
            "version": "==0.1.3"
        },
        "debugpy": {
            "hashes": [
                "sha256:0ea1011e94416e90fb3598cc3ef5e08b0a4dd6ce6b9b33ccd436c1dffc8cd664",
                "sha256:23363e6d2a04d726bbc1400bd4e9898d54419b36b2cdf7020e3e215e1dcd0f8e",
                "sha256:23c29e40e39ad7d869d408ded414f6d46d82f8a93b5857ac3ac1e915893139ca",
                "sha256:549ae0cb2d34fc09d1675f9b01942499751d174381b6082279cf19cdb3c47cbe",
                "sha256:70ab53918fd907a3ade01909b3ed783287ede362c80c75f41e79596d5ccacd32",
                "sha256:72687b62a54d9d9e3fb85e7a37ea67f0e803aaa31be700e61d2f3742a5683917",
                "sha256:78739f77c58048ec006e2b3eb2e0cd5a06d5f48c915e2fc7911a337354508110",
                "sha256:7aa7e103610e5867d19a7d069e02e72eb2b3045b124d051cfd1538f1d8832d1b",
                "sha256:87755e173fcf2ec45f584bb9d61aa7686bb665d861b81faa366d59808bbd3494",
                "sha256:9b5d1b13d7c7bf5d7cf700e33c0b8ddb7baf030fcf502f76fc061ddd9405d16c",
                "sha256:a771739902b1ae22a120dbbb6bd91b2cae6696c0e318b5007c5348519a4211c6",
                "sha256:b9c2130e1c632540fbf9c2c88341493797ddf58016e7cba02e311de9b0a96b67",
                "sha256:be596b44448aac14eb3614248c91586e2bc1728e020e82ef3197189aae556115",
                "sha256:c05349890804d846eca32ce0623ab66c06f8800db881af7a876dc073ac1c2225",
                "sha256:de4a045fbf388e120bb6ec66501458d3134f4729faed26ff95de52a754abddb1",
                "sha256:dff595686178b0e75580c24d316aa45a8f4d56e2418063865c114eef651a982e",
                "sha256:f6383c29e796203a0bba74a250615ad262c4279d398e89d895a69d3069498305"
            ],
            "markers": "python_version >= '3.7'",
            "version": "==1.6.6"
        },
        "decorator": {
            "hashes": [
                "sha256:637996211036b6385ef91435e4fae22989472f9d571faba8927ba8253acbc330",
                "sha256:b8c3f85900b9dc423225913c5aace94729fe1fa9763b38939a95226f02d37186"
            ],
            "markers": "python_version >= '3.5'",
            "version": "==5.1.1"
        },
        "executing": {
            "hashes": [
                "sha256:0314a69e37426e3608aada02473b4161d4caf5a4b244d1d0c48072b8fee7bacc",
                "sha256:19da64c18d2d851112f09c287f8d3dbbdf725ab0e569077efb6cdcbd3497c107"
            ],
            "version": "==1.2.0"
        },
        "importlib-metadata": {
            "hashes": [
                "sha256:43ce9281e097583d758c2c708c4376371261a02c34682491a8e98352365aad20",
                "sha256:ff80f3b5394912eb1b108fcfd444dc78b7f1f3e16b16188054bd01cb9cb86f09"
            ],
            "markers": "python_version < '3.10'",
            "version": "==6.1.0"
        },
        "ipykernel": {
            "hashes": [
                "sha256:1ae6047c1277508933078163721bbb479c3e7292778a04b4bacf0874550977d6",
                "sha256:302558b81f1bc22dc259fb2a0c5c7cf2f4c0bdb21b50484348f7bafe7fb71421"
            ],
            "index": "pypi",
            "version": "==6.22.0"
        },
        "ipython": {
            "hashes": [
                "sha256:1c183bf61b148b00bcebfa5d9b39312733ae97f6dad90d7e9b4d86c8647f498c",
                "sha256:a950236df04ad75b5bc7f816f9af3d74dc118fd42f2ff7e80e8e60ca1f182e2d"
            ],
            "markers": "python_version >= '3.8'",
            "version": "==8.12.0"
        },
        "jedi": {
            "hashes": [
                "sha256:203c1fd9d969ab8f2119ec0a3342e0b49910045abe6af0a3ae83a5764d54639e",
                "sha256:bae794c30d07f6d910d32a7048af09b5a39ed740918da923c6b780790ebac612"
            ],
            "markers": "python_version >= '3.6'",
            "version": "==0.18.2"
        },
        "jupyter-client": {
            "hashes": [
                "sha256:3fbab64100a0dcac7701b1e0f1a4412f1ccb45546ff2ad9bc4fcbe4e19804811",
                "sha256:d5b8e739d7816944be50f81121a109788a3d92732ecf1ad1e4dadebc948818fe"
            ],
            "markers": "python_version >= '3.8'",
            "version": "==8.1.0"
        },
        "jupyter-core": {
            "hashes": [
                "sha256:6db75be0c83edbf1b7c9f91ec266a9a24ef945da630f3120e1a0046dc13713fc",
                "sha256:d4201af84559bc8c70cead287e1ab94aeef3c512848dde077b7684b54d67730d"
            ],
            "markers": "python_version >= '3.8'",
            "version": "==5.3.0"
        },
        "matplotlib-inline": {
            "hashes": [
                "sha256:f1f41aab5328aa5aaea9b16d083b128102f8712542f819fe7e6a420ff581b311",
                "sha256:f887e5f10ba98e8d2b150ddcf4702c1e5f8b3a20005eb0f74bfdbd360ee6f304"
            ],
            "markers": "python_version >= '3.5'",
            "version": "==0.1.6"
        },
        "nest-asyncio": {
            "hashes": [
                "sha256:b9a953fb40dceaa587d109609098db21900182b16440652454a146cffb06e8b8",
                "sha256:d267cc1ff794403f7df692964d1d2a3fa9418ffea2a3f6859a439ff482fef290"
            ],
            "markers": "python_version >= '3.5'",
            "version": "==1.5.6"
        },
        "packaging": {
            "hashes": [
                "sha256:714ac14496c3e68c99c29b00845f7a2b85f3bb6f1078fd9f72fd20f0570002b2",
                "sha256:b6ad297f8907de0fa2fe1ccbd26fdaf387f5f47c7275fedf8cce89f99446cf97"
            ],
            "markers": "python_version >= '3.7'",
            "version": "==23.0"
        },
        "parso": {
            "hashes": [
                "sha256:8c07be290bb59f03588915921e29e8a50002acaf2cdc5fa0e0114f91709fafa0",
                "sha256:c001d4636cd3aecdaf33cbb40aebb59b094be2a74c556778ef5576c175e19e75"
            ],
            "markers": "python_version >= '3.6'",
            "version": "==0.8.3"
        },
        "pexpect": {
            "hashes": [
                "sha256:0b48a55dcb3c05f3329815901ea4fc1537514d6ba867a152b581d69ae3710937",
                "sha256:fc65a43959d153d0114afe13997d439c22823a27cefceb5ff35c2178c6784c0c"
            ],
            "markers": "sys_platform != 'win32'",
            "version": "==4.8.0"
        },
        "pickleshare": {
            "hashes": [
                "sha256:87683d47965c1da65cdacaf31c8441d12b8044cdec9aca500cd78fc2c683afca",
                "sha256:9649af414d74d4df115d5d718f82acb59c9d418196b7b4290ed47a12ce62df56"
            ],
            "version": "==0.7.5"
        },
        "platformdirs": {
            "hashes": [
                "sha256:d5b638ca397f25f979350ff789db335903d7ea010ab28903f57b27e1b16c2b08",
                "sha256:ebe11c0d7a805086e99506aa331612429a72ca7cd52a1f0d277dc4adc20cb10e"
            ],
            "markers": "python_version >= '3.7'",
            "version": "==3.2.0"
        },
        "prompt-toolkit": {
            "hashes": [
                "sha256:23ac5d50538a9a38c8bde05fecb47d0b403ecd0662857a86f886f798563d5b9b",
                "sha256:45ea77a2f7c60418850331366c81cf6b5b9cf4c7fd34616f733c5427e6abbb1f"
            ],
            "markers": "python_full_version >= '3.7.0'",
            "version": "==3.0.38"
        },
        "psutil": {
            "hashes": [
                "sha256:149555f59a69b33f056ba1c4eb22bb7bf24332ce631c44a319cec09f876aaeff",
                "sha256:16653106f3b59386ffe10e0bad3bb6299e169d5327d3f187614b1cb8f24cf2e1",
                "sha256:3d7f9739eb435d4b1338944abe23f49584bde5395f27487d2ee25ad9a8774a62",
                "sha256:3ff89f9b835100a825b14c2808a106b6fdcc4b15483141482a12c725e7f78549",
                "sha256:54c0d3d8e0078b7666984e11b12b88af2db11d11249a8ac8920dd5ef68a66e08",
                "sha256:54d5b184728298f2ca8567bf83c422b706200bcbbfafdc06718264f9393cfeb7",
                "sha256:6001c809253a29599bc0dfd5179d9f8a5779f9dffea1da0f13c53ee568115e1e",
                "sha256:68908971daf802203f3d37e78d3f8831b6d1014864d7a85937941bb35f09aefe",
                "sha256:6b92c532979bafc2df23ddc785ed116fced1f492ad90a6830cf24f4d1ea27d24",
                "sha256:852dd5d9f8a47169fe62fd4a971aa07859476c2ba22c2254d4a1baa4e10b95ad",
                "sha256:9120cd39dca5c5e1c54b59a41d205023d436799b1c8c4d3ff71af18535728e94",
                "sha256:c1ca331af862803a42677c120aff8a814a804e09832f166f226bfd22b56feee8",
                "sha256:efeae04f9516907be44904cc7ce08defb6b665128992a56957abc9b61dca94b7",
                "sha256:fd8522436a6ada7b4aad6638662966de0d61d241cb821239b2ae7013d41a43d4"
            ],
            "markers": "python_version >= '2.7' and python_version not in '3.0, 3.1, 3.2, 3.3'",
            "version": "==5.9.4"
        },
        "ptyprocess": {
            "hashes": [
                "sha256:4b41f3967fce3af57cc7e94b888626c18bf37a083e3651ca8feeb66d492fef35",
                "sha256:5c5d0a3b48ceee0b48485e0c26037c0acd7d29765ca3fbb5cb3831d347423220"
            ],
            "version": "==0.7.0"
        },
        "pure-eval": {
            "hashes": [
                "sha256:01eaab343580944bc56080ebe0a674b39ec44a945e6d09ba7db3cb8cec289350",
                "sha256:2b45320af6dfaa1750f543d714b6d1c520a1688dec6fd24d339063ce0aaa9ac3"
            ],
            "version": "==0.2.2"
        },
        "pygments": {
            "hashes": [
                "sha256:b3ed06a9e8ac9a9aae5a6f5dbe78a8a58655d17b43b93c078f094ddc476ae297",
                "sha256:fa7bd7bd2771287c0de303af8bfdfc731f51bd2c6a47ab69d117138893b82717"
            ],
            "markers": "python_version >= '3.6'",
            "version": "==2.14.0"
        },
        "python-dateutil": {
            "hashes": [
                "sha256:0123cacc1627ae19ddf3c27a5de5bd67ee4586fbdd6440d9748f8abb483d3e86",
                "sha256:961d03dc3453ebbc59dbdea9e4e11c5651520a876d0f4db161e8674aae935da9"
            ],
            "markers": "python_version >= '2.7' and python_version not in '3.0, 3.1, 3.2'",
            "version": "==2.8.2"
        },
        "pyzmq": {
            "hashes": [
                "sha256:032f5c8483c85bf9c9ca0593a11c7c749d734ce68d435e38c3f72e759b98b3c9",
                "sha256:08bfcc21b5997a9be4fefa405341320d8e7f19b4d684fb9c0580255c5bd6d695",
                "sha256:1a843d26a8da1b752c74bc019c7b20e6791ee813cd6877449e6a1415589d22ff",
                "sha256:1f124cb73f1aa6654d31b183810febc8505fd0c597afa127c4f40076be4574e0",
                "sha256:1f82906a2d8e4ee310f30487b165e7cc8ed09c009e4502da67178b03083c4ce0",
                "sha256:21ec0bf4831988af43c8d66ba3ccd81af2c5e793e1bf6790eb2d50e27b3c570a",
                "sha256:24683285cc6b7bf18ad37d75b9db0e0fefe58404e7001f1d82bf9e721806daa7",
                "sha256:24abbfdbb75ac5039205e72d6c75f10fc39d925f2df8ff21ebc74179488ebfca",
                "sha256:25e6873a70ad5aa31e4a7c41e5e8c709296edef4a92313e1cd5fc87bbd1874e2",
                "sha256:269968f2a76c0513490aeb3ba0dc3c77b7c7a11daa894f9d1da88d4a0db09835",
                "sha256:26b0358e8933990502f4513c991c9935b6c06af01787a36d133b7c39b1df37fa",
                "sha256:28fdb9224a258134784a9cf009b59265a9dde79582fb750d4e88a6bcbc6fa3dc",
                "sha256:2b9c9cc965cdf28381e36da525dcb89fc1571d9c54800fdcd73e3f73a2fc29bd",
                "sha256:2da6813b7995b6b1d1307329c73d3e3be2fd2d78e19acfc4eff2e27262732388",
                "sha256:3059a6a534c910e1d5d068df42f60d434f79e6cc6285aa469b384fa921f78cf8",
                "sha256:312b3f0f066b4f1d17383aae509bacf833ccaf591184a1f3c7a1661c085063ae",
                "sha256:34a6fddd159ff38aa9497b2e342a559f142ab365576284bc8f77cb3ead1f79c5",
                "sha256:374b55516393bfd4d7a7daa6c3b36d6dd6a31ff9d2adad0838cd6a203125e714",
                "sha256:38d9f78d69bcdeec0c11e0feb3bc70f36f9b8c44fc06e5d06d91dc0a21b453c7",
                "sha256:4a31992a8f8d51663ebf79df0df6a04ffb905063083d682d4380ab8d2c67257c",
                "sha256:4a4b4261eb8f9ed71f63b9eb0198dd7c934aa3b3972dac586d0ef502ba9ab08b",
                "sha256:510d8e55b3a7cd13f8d3e9121edf0a8730b87d925d25298bace29a7e7bc82810",
                "sha256:531e36d9fcd66f18de27434a25b51d137eb546931033f392e85674c7a7cea853",
                "sha256:54a96cf77684a3a537b76acfa7237b1e79a8f8d14e7f00e0171a94b346c5293e",
                "sha256:56a94ab1d12af982b55ca96c6853db6ac85505e820d9458ac76364c1998972f4",
                "sha256:5c5fbb229e40a89a2fe73d0c1181916f31e30f253cb2d6d91bea7927c2e18413",
                "sha256:5d496815074e3e3d183fe2c7fcea2109ad67b74084c254481f87b64e04e9a471",
                "sha256:5eaeae038c68748082137d6896d5c4db7927e9349237ded08ee1bbd94f7361c9",
                "sha256:62ec8d979f56c0053a92b2b6a10ff54b9ec8a4f187db2b6ec31ee3dd6d3ca6e2",
                "sha256:64812f29d6eee565e129ca14b0c785744bfff679a4727137484101b34602d1a7",
                "sha256:6526d097b75192f228c09d48420854d53dfbc7abbb41b0e26f363ccb26fbc177",
                "sha256:659e62e1cbb063151c52f5b01a38e1df6b54feccfa3e2509d44c35ca6d7962ee",
                "sha256:65c19a63b4a83ae45d62178b70223adeee5f12f3032726b897431b6553aa25af",
                "sha256:67da1c213fbd208906ab3470cfff1ee0048838365135a9bddc7b40b11e6d6c89",
                "sha256:6a821a506822fac55d2df2085a52530f68ab15ceed12d63539adc32bd4410f6e",
                "sha256:6a979e59d2184a0c8f2ede4b0810cbdd86b64d99d9cc8a023929e40dce7c86cc",
                "sha256:6b8c1bbb70e868dc88801aa532cae6bd4e3b5233784692b786f17ad2962e5149",
                "sha256:6fadc60970714d86eff27821f8fb01f8328dd36bebd496b0564a500fe4a9e354",
                "sha256:715cff7644a80a7795953c11b067a75f16eb9fc695a5a53316891ebee7f3c9d5",
                "sha256:77942243ff4d14d90c11b2afd8ee6c039b45a0be4e53fb6fa7f5e4fd0b59da39",
                "sha256:7b504ae43d37e282301da586529e2ded8b36d4ee2cd5e6db4386724ddeaa6bbc",
                "sha256:827bf60e749e78acb408a6c5af6688efbc9993e44ecc792b036ec2f4b4acf485",
                "sha256:8280ada89010735a12b968ec3ea9a468ac2e04fddcc1cede59cb7f5178783b9c",
                "sha256:83d822e8687621bed87404afc1c03d83fa2ce39733d54c2fd52d8829edb8a7ff",
                "sha256:8560756318ec7c4c49d2c341012167e704b5a46d9034905853c3d1ade4f55bee",
                "sha256:85762712b74c7bd18e340c3639d1bf2f23735a998d63f46bb6584d904b5e401d",
                "sha256:88649b19ede1cab03b96b66c364cbbf17c953615cdbc844f7f6e5f14c5e5261c",
                "sha256:9a2e5fe42dfe6b73ca120b97ac9f34bfa8414feb15e00e37415dbd51cf227ef6",
                "sha256:9af0bb0277e92f41af35e991c242c9c71920169d6aa53ade7e444f338f4c8128",
                "sha256:9bdc40efb679b9dcc39c06d25629e55581e4c4f7870a5e88db4f1c51ce25e20d",
                "sha256:9e1d2f2d86fc75ed7f8845a992c5f6f1ab5db99747fb0d78b5e4046d041164d2",
                "sha256:a2e92ff20ad5d13266bc999a29ed29a3b5b101c21fdf4b2cf420c09db9fb690e",
                "sha256:a35960c8b2f63e4ef67fd6731851030df68e4b617a6715dd11b4b10312d19fef",
                "sha256:a6f6ae12478fdc26a6d5fdb21f806b08fa5403cd02fd312e4cb5f72df078f96f",
                "sha256:a9b5eeb5278a8a636bb0abdd9ff5076bcbb836cd2302565df53ff1fa7d106d54",
                "sha256:ab046e9cb902d1f62c9cc0eca055b1d11108bdc271caf7c2171487298f229b56",
                "sha256:ab2c056ac503f25a63f6c8c6771373e2a711b98b304614151dfb552d3d6c81f6",
                "sha256:abbce982a17c88d2312ec2cf7673985d444f1beaac6e8189424e0a0e0448dbb3",
                "sha256:ac178e666c097c8d3deb5097b58cd1316092fc43e8ef5b5fdb259b51da7e7315",
                "sha256:ad761cfbe477236802a7ab2c080d268c95e784fe30cafa7e055aacd1ca877eb0",
                "sha256:affec1470351178e892121b3414c8ef7803269f207bf9bef85f9a6dd11cde264",
                "sha256:b164cc3c8acb3d102e311f2eb6f3c305865ecb377e56adc015cb51f721f1dda6",
                "sha256:b48616a09d7df9dbae2f45a0256eee7b794b903ddc6d8657a9948669b345f220",
                "sha256:b491998ef886662c1f3d49ea2198055a9a536ddf7430b051b21054f2a5831800",
                "sha256:b733076ff46e7db5504c5e7284f04a9852c63214c74688bdb6135808531755a3",
                "sha256:c8fedc3ccd62c6b77dfe6f43802057a803a411ee96f14e946f4a76ec4ed0e117",
                "sha256:cb1f69a0a2a2b1aae8412979dd6293cc6bcddd4439bf07e4758d864ddb112354",
                "sha256:cca8524b61c0eaaa3505382dc9b9a3bc8165f1d6c010fdd1452c224225a26689",
                "sha256:cfb9f7eae02d3ac42fbedad30006b7407c984a0eb4189a1322241a20944d61e5",
                "sha256:d4427b4a136e3b7f85516c76dd2e0756c22eec4026afb76ca1397152b0ca8145",
                "sha256:d488c5c8630f7e782e800869f82744c3aca4aca62c63232e5d8c490d3d66956a",
                "sha256:dd771a440effa1c36d3523bc6ba4e54ff5d2e54b4adcc1e060d8f3ca3721d228",
                "sha256:ed15e3a2c3c2398e6ae5ce86d6a31b452dfd6ad4cd5d312596b30929c4b6e182",
                "sha256:edbbf06cc2719889470a8d2bf5072bb00f423e12de0eb9ffec946c2c9748e149",
                "sha256:eef2a0b880ab40aca5a878933376cb6c1ec483fba72f7f34e015c0f675c90b20",
                "sha256:f7c8b8368e84381ae7c57f1f5283b029c888504aaf4949c32e6e6fb256ec9bf0",
                "sha256:ffc71111433bd6ec8607a37b9211f4ef42e3d3b271c6d76c813669834764b248"
            ],
            "markers": "python_version >= '3.6'",
            "version": "==25.0.2"
        },
        "six": {
            "hashes": [
                "sha256:1e61c37477a1626458e36f7b1d82aa5c9b094fa4802892072e49de9c60c4c926",
                "sha256:8abb2f1d86890a2dfb989f9a77cfcfd3e47c2a354b01111771326f8aa26e0254"
            ],
            "markers": "python_version >= '2.7' and python_version not in '3.0, 3.1, 3.2'",
            "version": "==1.16.0"
        },
        "stack-data": {
            "hashes": [
                "sha256:32d2dd0376772d01b6cb9fc996f3c8b57a357089dec328ed4b6553d037eaf815",
                "sha256:cbb2a53eb64e5785878201a97ed7c7b94883f48b87bfb0bbe8b623c74679e4a8"
            ],
            "version": "==0.6.2"
        },
        "tornado": {
            "hashes": [
                "sha256:1d54d13ab8414ed44de07efecb97d4ef7c39f7438cf5e976ccd356bebb1b5fca",
                "sha256:20f638fd8cc85f3cbae3c732326e96addff0a15e22d80f049e00121651e82e72",
                "sha256:5c87076709343557ef8032934ce5f637dbb552efa7b21d08e89ae7619ed0eb23",
                "sha256:5f8c52d219d4995388119af7ccaa0bcec289535747620116a58d830e7c25d8a8",
                "sha256:6fdfabffd8dfcb6cf887428849d30cf19a3ea34c2c248461e1f7d718ad30b66b",
                "sha256:87dcafae3e884462f90c90ecc200defe5e580a7fbbb4365eda7c7c1eb809ebc9",
                "sha256:9b630419bde84ec666bfd7ea0a4cb2a8a651c2d5cccdbdd1972a0c859dfc3c13",
                "sha256:b8150f721c101abdef99073bf66d3903e292d851bee51910839831caba341a75",
                "sha256:ba09ef14ca9893954244fd872798b4ccb2367c165946ce2dd7376aebdde8e3ac",
                "sha256:d3a2f5999215a3a06a4fc218026cd84c61b8b2b40ac5296a6db1f1451ef04c1e",
                "sha256:e5f923aa6a47e133d1cf87d60700889d7eae68988704e20c75fb2d65677a8e4b"
            ],
            "markers": "python_version >= '3.7'",
            "version": "==6.2"
        },
        "traitlets": {
            "hashes": [
                "sha256:9e6ec080259b9a5940c797d58b613b5e31441c2257b87c2e795c5228ae80d2d8",
                "sha256:f6cde21a9c68cf756af02035f72d5a723bf607e862e7be33ece505abf4a3bad9"
            ],
            "markers": "python_version >= '3.7'",
            "version": "==5.9.0"
        },
        "typing-extensions": {
            "hashes": [
                "sha256:5cb5f4a79139d699607b3ef622a1dedafa84e115ab0024e0d9c044a9479ca7cb",
                "sha256:fb33085c39dd998ac16d1431ebc293a8b3eedd00fd4a32de0ff79002c19511b4"
            ],
            "markers": "python_version < '3.10'",
            "version": "==4.5.0"
        },
        "wcwidth": {
            "hashes": [
                "sha256:795b138f6875577cd91bba52baf9e445cd5118fd32723b460e30a0af30ea230e",
                "sha256:a5220780a404dbe3353789870978e472cfe477761f06ee55077256e509b156d0"
            ],
            "version": "==0.2.6"
        },
        "zipp": {
            "hashes": [
                "sha256:112929ad649da941c23de50f356a2b5570c954b65150642bccdd66bf194d224b",
                "sha256:48904fc76a60e542af151aded95726c1a5c34ed43ab4134b597665c86d7ad556"
            ],
            "markers": "python_version >= '3.7'",
            "version": "==3.15.0"
        }
    }
}
